
Microsoft Visual Studio Solution File, Format Version 12.00
# Visual Studio Version 17
VisualStudioVersion = 17.3.32922.545
MinimumVisualStudioVersion = 10.0.40219.1
Project("{FAE04EC0-301F-11D3-BF4B-00C04F79EFBC}") = "FTC.PLI.Automation.Pages", "PLI.Automation.Pages\FTC.PLI.Automation.Pages.csproj", "{1EF7BC97-B923-44DE-B0DA-BEACD5CC1598}"
EndProject
Project("{FAE04EC0-301F-11D3-BF4B-00C04F79EFBC}") = "FTC.SLI.Automation.Pages", "SLI.Automation.Pages\FTC.SLI.Automation.Pages.csproj", "{512FCF09-81C2-4526-BD96-1C0E859A1E26}"
EndProject
Project("{FAE04EC0-301F-11D3-BF4B-00C04F79EFBC}") = "TLE.Automation.Pages", "TLE.Automation.Pages\TLE.Automation.Pages.csproj", "{C92029EA-7760-4E07-881F-EB4C40E34E63}"
EndProject
Project("{2150E333-8FDC-42A3-9474-1A3956D46DE8}") = ".nuget", ".nuget", "{435BAE04-03D3-4951-A8D4-0C26118CF84E}"
	ProjectSection(SolutionItems) = preProject
		.nuget\NuGet.Config = .nuget\NuGet.Config
		.nuget\NuGet.exe = .nuget\NuGet.exe
		.nuget\NuGet.targets = .nuget\NuGet.targets
	EndProjectSection
EndProject
Project("{2150E333-8FDC-42A3-9474-1A3956D46DE8}") = "Solution Items", "Solution Items", "{14866222-6FDB-4DA7-A148-DB08376A1169}"
	ProjectSection(SolutionItems) = preProject
		.tfignore = .tfignore
	EndProjectSection
EndProject
Project("{FAE04EC0-301F-11D3-BF4B-00C04F79EFBC}") = "PageMinders", "PageMinders\PageMinders.csproj", "{F8A86A01-F7B4-4852-9DFF-04D8CCC8A09D}"
EndProject
Project("{FAE04EC0-301F-11D3-BF4B-00C04F79EFBC}") = "KWDT.Core", "KWDT.Core\KWDT.Core.csproj", "{159019DB-39B1-449F-A7BE-0BF4E152ECD3}"
EndProject
Project("{FAE04EC0-301F-11D3-BF4B-00C04F79EFBC}") = "KWDT.Data", "KWDT.Data\KWDT.Data.csproj", "{C950ABC4-4D73-4DE4-A348-68F5B6EDCFE1}"
EndProject
Project("{FAE04EC0-301F-11D3-BF4B-00C04F79EFBC}") = "KWDT.Exports", "KWDT.Exports\KWDT.Exports.csproj", "{550706D9-3FF9-47E5-B91F-CF89D744802D}"
EndProject
Project("{FAE04EC0-301F-11D3-BF4B-00C04F79EFBC}") = "KWDT.UI", "KWDT.UI\KWDT.UI.csproj", "{DFAA96CE-34F1-44E3-960C-1F08455B9189}"
EndProject
Project("{FAE04EC0-301F-11D3-BF4B-00C04F79EFBC}") = "TestAutomation.Support", "TestAutomation.Support\TestAutomation.Support.csproj", "{D0F5E579-A260-4FF6-96C5-F2FF413F8C90}"
EndProject
Project("{FAE04EC0-301F-11D3-BF4B-00C04F79EFBC}") = "FTC.OLA.Automation.Pages", "FTC.OLA.Automation.Pages\FTC.OLA.Automation.Pages.csproj", "{74CECFFA-88FC-457C-929D-19CFFBBC5574}"
EndProject
Project("{FAE04EC0-301F-11D3-BF4B-00C04F79EFBC}") = "FTC.SAS.Automation.Pages", "FTC.SAS.Automation.Pages\FTC.SAS.Automation.Pages.csproj", "{25746E67-54B6-4280-AA72-63AE21D135EB}"
EndProject
Project("{FAE04EC0-301F-11D3-BF4B-00C04F79EFBC}") = "GAR.PLI.Automation.Pages", "GAR.PLI.Automation.Pages\GAR.PLI.Automation.Pages.csproj", "{07A4CF08-E0EF-4C55-AAA8-27604530323F}"
EndProject
Project("{FAE04EC0-301F-11D3-BF4B-00C04F79EFBC}") = "GAR.Provider.Automation.Pages", "GAR.Provider.Automation.Pages\GAR.Provider.Automation.Pages.csproj", "{B195342A-2B86-4849-862A-399EAC3F8EBD}"
EndProject
Project("{FAE04EC0-301F-11D3-BF4B-00C04F79EFBC}") = "GAR.SAS.Automation.Pages", "GAR.SAS.Automation.Pages\GAR.SAS.Automation.Pages.csproj", "{95A1A09D-6733-4778-AC62-29910EE0F45E}"
EndProject
Project("{FAE04EC0-301F-11D3-BF4B-00C04F79EFBC}") = "MyScholarShop.Automation.Pages", "MyScholarShop.Automation.Pages\MyScholarShop.Automation.Pages.csproj", "{C8A13EF9-C122-453C-B53C-70C0CE044BE0}"
EndProject
Project("{FAE04EC0-301F-11D3-BF4B-00C04F79EFBC}") = "Reading.Automation.Pages", "Reading.Automation.Pages\Reading.Automation.Pages.csproj", "{61E81AC1-97AC-4B80-B24B-2B30E4F57BFB}"
EndProject
Project("{FAE04EC0-301F-11D3-BF4B-00C04F79EFBC}") = "PowerBI.Automation.Pages", "PowerBI.Automation.Pages\PowerBI.Automation.Pages.csproj", "{1DB05843-99FF-49DB-96BC-187139676971}"
EndProject
Project("{FAE04EC0-301F-11D3-BF4B-00C04F79EFBC}") = "Portal.Automation.Pages", "Portal.Automation.Pages\Portal.Automation.Pages.csproj", "{61AB4F23-7F1D-4334-A7DF-CDE7C0B6B2E9}"
EndProject
Project("{FAE04EC0-301F-11D3-BF4B-00C04F79EFBC}") = "AutomationFramework", "AutomationFramework\AutomationFramework.csproj", "{0F2A37AA-8912-4755-8F76-17329C5258B7}"
EndProject
Global
	GlobalSection(SolutionConfigurationPlatforms) = preSolution
		Debug|Any CPU = Debug|Any CPU
		Production|Any CPU = Production|Any CPU
		Release|Any CPU = Release|Any CPU
		Test|Any CPU = Test|Any CPU
		UAT|Any CPU = UAT|Any CPU
	EndGlobalSection
	GlobalSection(ProjectConfigurationPlatforms) = postSolution
		{1EF7BC97-B923-44DE-B0DA-BEACD5CC1598}.Debug|Any CPU.ActiveCfg = Debug|Any CPU
		{1EF7BC97-B923-44DE-B0DA-BEACD5CC1598}.Debug|Any CPU.Build.0 = Debug|Any CPU
		{1EF7BC97-B923-44DE-B0DA-BEACD5CC1598}.Production|Any CPU.ActiveCfg = Production|Any CPU
		{1EF7BC97-B923-44DE-B0DA-BEACD5CC1598}.Production|Any CPU.Build.0 = Production|Any CPU
		{1EF7BC97-B923-44DE-B0DA-BEACD5CC1598}.Release|Any CPU.ActiveCfg = Release|Any CPU
		{1EF7BC97-B923-44DE-B0DA-BEACD5CC1598}.Release|Any CPU.Build.0 = Release|Any CPU
		{1EF7BC97-B923-44DE-B0DA-BEACD5CC1598}.Test|Any CPU.ActiveCfg = Test|Any CPU
		{1EF7BC97-B923-44DE-B0DA-BEACD5CC1598}.Test|Any CPU.Build.0 = Test|Any CPU
		{1EF7BC97-B923-44DE-B0DA-BEACD5CC1598}.UAT|Any CPU.ActiveCfg = UAT|Any CPU
		{1EF7BC97-B923-44DE-B0DA-BEACD5CC1598}.UAT|Any CPU.Build.0 = UAT|Any CPU
		{512FCF09-81C2-4526-BD96-1C0E859A1E26}.Debug|Any CPU.ActiveCfg = Debug|Any CPU
		{512FCF09-81C2-4526-BD96-1C0E859A1E26}.Debug|Any CPU.Build.0 = Debug|Any CPU
		{512FCF09-81C2-4526-BD96-1C0E859A1E26}.Production|Any CPU.ActiveCfg = Production|Any CPU
		{512FCF09-81C2-4526-BD96-1C0E859A1E26}.Production|Any CPU.Build.0 = Production|Any CPU
		{512FCF09-81C2-4526-BD96-1C0E859A1E26}.Release|Any CPU.ActiveCfg = Release|Any CPU
		{512FCF09-81C2-4526-BD96-1C0E859A1E26}.Release|Any CPU.Build.0 = Release|Any CPU
		{512FCF09-81C2-4526-BD96-1C0E859A1E26}.Test|Any CPU.ActiveCfg = Test|Any CPU
		{512FCF09-81C2-4526-BD96-1C0E859A1E26}.Test|Any CPU.Build.0 = Test|Any CPU
		{512FCF09-81C2-4526-BD96-1C0E859A1E26}.UAT|Any CPU.ActiveCfg = UAT|Any CPU
		{512FCF09-81C2-4526-BD96-1C0E859A1E26}.UAT|Any CPU.Build.0 = UAT|Any CPU
		{C92029EA-7760-4E07-881F-EB4C40E34E63}.Debug|Any CPU.ActiveCfg = Debug|Any CPU
		{C92029EA-7760-4E07-881F-EB4C40E34E63}.Debug|Any CPU.Build.0 = Debug|Any CPU
		{C92029EA-7760-4E07-881F-EB4C40E34E63}.Production|Any CPU.ActiveCfg = Production|Any CPU
		{C92029EA-7760-4E07-881F-EB4C40E34E63}.Production|Any CPU.Build.0 = Production|Any CPU
		{C92029EA-7760-4E07-881F-EB4C40E34E63}.Release|Any CPU.ActiveCfg = Release|Any CPU
		{C92029EA-7760-4E07-881F-EB4C40E34E63}.Release|Any CPU.Build.0 = Release|Any CPU
		{C92029EA-7760-4E07-881F-EB4C40E34E63}.Test|Any CPU.ActiveCfg = Test|Any CPU
		{C92029EA-7760-4E07-881F-EB4C40E34E63}.Test|Any CPU.Build.0 = Test|Any CPU
		{C92029EA-7760-4E07-881F-EB4C40E34E63}.UAT|Any CPU.ActiveCfg = UAT|Any CPU
		{C92029EA-7760-4E07-881F-EB4C40E34E63}.UAT|Any CPU.Build.0 = UAT|Any CPU
		{F8A86A01-F7B4-4852-9DFF-04D8CCC8A09D}.Debug|Any CPU.ActiveCfg = Debug|Any CPU
		{F8A86A01-F7B4-4852-9DFF-04D8CCC8A09D}.Debug|Any CPU.Build.0 = Debug|Any CPU
		{F8A86A01-F7B4-4852-9DFF-04D8CCC8A09D}.Production|Any CPU.ActiveCfg = Release|Any CPU
		{F8A86A01-F7B4-4852-9DFF-04D8CCC8A09D}.Production|Any CPU.Build.0 = Release|Any CPU
		{F8A86A01-F7B4-4852-9DFF-04D8CCC8A09D}.Release|Any CPU.ActiveCfg = Release|Any CPU
		{F8A86A01-F7B4-4852-9DFF-04D8CCC8A09D}.Release|Any CPU.Build.0 = Release|Any CPU
		{F8A86A01-F7B4-4852-9DFF-04D8CCC8A09D}.Test|Any CPU.ActiveCfg = Release|Any CPU
		{F8A86A01-F7B4-4852-9DFF-04D8CCC8A09D}.Test|Any CPU.Build.0 = Release|Any CPU
		{F8A86A01-F7B4-4852-9DFF-04D8CCC8A09D}.UAT|Any CPU.ActiveCfg = Release|Any CPU
		{F8A86A01-F7B4-4852-9DFF-04D8CCC8A09D}.UAT|Any CPU.Build.0 = Release|Any CPU
		{159019DB-39B1-449F-A7BE-0BF4E152ECD3}.Debug|Any CPU.ActiveCfg = Debug|Any CPU
		{159019DB-39B1-449F-A7BE-0BF4E152ECD3}.Debug|Any CPU.Build.0 = Debug|Any CPU
		{159019DB-39B1-449F-A7BE-0BF4E152ECD3}.Production|Any CPU.ActiveCfg = Release|Any CPU
		{159019DB-39B1-449F-A7BE-0BF4E152ECD3}.Production|Any CPU.Build.0 = Release|Any CPU
		{159019DB-39B1-449F-A7BE-0BF4E152ECD3}.Release|Any CPU.ActiveCfg = Release|Any CPU
		{159019DB-39B1-449F-A7BE-0BF4E152ECD3}.Release|Any CPU.Build.0 = Release|Any CPU
		{159019DB-39B1-449F-A7BE-0BF4E152ECD3}.Test|Any CPU.ActiveCfg = Release|Any CPU
		{159019DB-39B1-449F-A7BE-0BF4E152ECD3}.Test|Any CPU.Build.0 = Release|Any CPU
		{159019DB-39B1-449F-A7BE-0BF4E152ECD3}.UAT|Any CPU.ActiveCfg = Release|Any CPU
		{159019DB-39B1-449F-A7BE-0BF4E152ECD3}.UAT|Any CPU.Build.0 = Release|Any CPU
		{C950ABC4-4D73-4DE4-A348-68F5B6EDCFE1}.Debug|Any CPU.ActiveCfg = Debug|Any CPU
		{C950ABC4-4D73-4DE4-A348-68F5B6EDCFE1}.Debug|Any CPU.Build.0 = Debug|Any CPU
		{C950ABC4-4D73-4DE4-A348-68F5B6EDCFE1}.Production|Any CPU.ActiveCfg = Release|Any CPU
		{C950ABC4-4D73-4DE4-A348-68F5B6EDCFE1}.Production|Any CPU.Build.0 = Release|Any CPU
		{C950ABC4-4D73-4DE4-A348-68F5B6EDCFE1}.Release|Any CPU.ActiveCfg = Release|Any CPU
		{C950ABC4-4D73-4DE4-A348-68F5B6EDCFE1}.Release|Any CPU.Build.0 = Release|Any CPU
		{C950ABC4-4D73-4DE4-A348-68F5B6EDCFE1}.Test|Any CPU.ActiveCfg = Release|Any CPU
		{C950ABC4-4D73-4DE4-A348-68F5B6EDCFE1}.Test|Any CPU.Build.0 = Release|Any CPU
		{C950ABC4-4D73-4DE4-A348-68F5B6EDCFE1}.UAT|Any CPU.ActiveCfg = Release|Any CPU
		{C950ABC4-4D73-4DE4-A348-68F5B6EDCFE1}.UAT|Any CPU.Build.0 = Release|Any CPU
		{550706D9-3FF9-47E5-B91F-CF89D744802D}.Debug|Any CPU.ActiveCfg = Debug|Any CPU
		{550706D9-3FF9-47E5-B91F-CF89D744802D}.Debug|Any CPU.Build.0 = Debug|Any CPU
		{550706D9-3FF9-47E5-B91F-CF89D744802D}.Production|Any CPU.ActiveCfg = Release|Any CPU
		{550706D9-3FF9-47E5-B91F-CF89D744802D}.Production|Any CPU.Build.0 = Release|Any CPU
		{550706D9-3FF9-47E5-B91F-CF89D744802D}.Release|Any CPU.ActiveCfg = Release|Any CPU
		{550706D9-3FF9-47E5-B91F-CF89D744802D}.Release|Any CPU.Build.0 = Release|Any CPU
		{550706D9-3FF9-47E5-B91F-CF89D744802D}.Test|Any CPU.ActiveCfg = Release|Any CPU
		{550706D9-3FF9-47E5-B91F-CF89D744802D}.Test|Any CPU.Build.0 = Release|Any CPU
		{550706D9-3FF9-47E5-B91F-CF89D744802D}.UAT|Any CPU.ActiveCfg = Release|Any CPU
		{550706D9-3FF9-47E5-B91F-CF89D744802D}.UAT|Any CPU.Build.0 = Release|Any CPU
		{DFAA96CE-34F1-44E3-960C-1F08455B9189}.Debug|Any CPU.ActiveCfg = Debug|Any CPU
		{DFAA96CE-34F1-44E3-960C-1F08455B9189}.Debug|Any CPU.Build.0 = Debug|Any CPU
		{DFAA96CE-34F1-44E3-960C-1F08455B9189}.Production|Any CPU.ActiveCfg = Release|Any CPU
		{DFAA96CE-34F1-44E3-960C-1F08455B9189}.Production|Any CPU.Build.0 = Release|Any CPU
		{DFAA96CE-34F1-44E3-960C-1F08455B9189}.Release|Any CPU.ActiveCfg = Release|Any CPU
		{DFAA96CE-34F1-44E3-960C-1F08455B9189}.Release|Any CPU.Build.0 = Release|Any CPU
		{DFAA96CE-34F1-44E3-960C-1F08455B9189}.Test|Any CPU.ActiveCfg = Release|Any CPU
		{DFAA96CE-34F1-44E3-960C-1F08455B9189}.Test|Any CPU.Build.0 = Release|Any CPU
		{DFAA96CE-34F1-44E3-960C-1F08455B9189}.UAT|Any CPU.ActiveCfg = Release|Any CPU
		{DFAA96CE-34F1-44E3-960C-1F08455B9189}.UAT|Any CPU.Build.0 = Release|Any CPU
		{D0F5E579-A260-4FF6-96C5-F2FF413F8C90}.Debug|Any CPU.ActiveCfg = Debug|Any CPU
		{D0F5E579-A260-4FF6-96C5-F2FF413F8C90}.Debug|Any CPU.Build.0 = Debug|Any CPU
		{D0F5E579-A260-4FF6-96C5-F2FF413F8C90}.Production|Any CPU.ActiveCfg = Production|Any CPU
		{D0F5E579-A260-4FF6-96C5-F2FF413F8C90}.Production|Any CPU.Build.0 = Production|Any CPU
		{D0F5E579-A260-4FF6-96C5-F2FF413F8C90}.Release|Any CPU.ActiveCfg = Release|Any CPU
		{D0F5E579-A260-4FF6-96C5-F2FF413F8C90}.Release|Any CPU.Build.0 = Release|Any CPU
		{D0F5E579-A260-4FF6-96C5-F2FF413F8C90}.Test|Any CPU.ActiveCfg = Test|Any CPU
		{D0F5E579-A260-4FF6-96C5-F2FF413F8C90}.Test|Any CPU.Build.0 = Test|Any CPU
		{D0F5E579-A260-4FF6-96C5-F2FF413F8C90}.UAT|Any CPU.ActiveCfg = UAT|Any CPU
		{D0F5E579-A260-4FF6-96C5-F2FF413F8C90}.UAT|Any CPU.Build.0 = UAT|Any CPU
		{74CECFFA-88FC-457C-929D-19CFFBBC5574}.Debug|Any CPU.ActiveCfg = Debug|Any CPU
		{74CECFFA-88FC-457C-929D-19CFFBBC5574}.Debug|Any CPU.Build.0 = Debug|Any CPU
		{74CECFFA-88FC-457C-929D-19CFFBBC5574}.Production|Any CPU.ActiveCfg = Production|Any CPU
		{74CECFFA-88FC-457C-929D-19CFFBBC5574}.Production|Any CPU.Build.0 = Production|Any CPU
		{74CECFFA-88FC-457C-929D-19CFFBBC5574}.Release|Any CPU.ActiveCfg = Release|Any CPU
		{74CECFFA-88FC-457C-929D-19CFFBBC5574}.Release|Any CPU.Build.0 = Release|Any CPU
		{74CECFFA-88FC-457C-929D-19CFFBBC5574}.Test|Any CPU.ActiveCfg = Test|Any CPU
		{74CECFFA-88FC-457C-929D-19CFFBBC5574}.Test|Any CPU.Build.0 = Test|Any CPU
		{74CECFFA-88FC-457C-929D-19CFFBBC5574}.UAT|Any CPU.ActiveCfg = UAT|Any CPU
		{74CECFFA-88FC-457C-929D-19CFFBBC5574}.UAT|Any CPU.Build.0 = UAT|Any CPU
		{25746E67-54B6-4280-AA72-63AE21D135EB}.Debug|Any CPU.ActiveCfg = Debug|Any CPU
		{25746E67-54B6-4280-AA72-63AE21D135EB}.Debug|Any CPU.Build.0 = Debug|Any CPU
		{25746E67-54B6-4280-AA72-63AE21D135EB}.Production|Any CPU.ActiveCfg = Production|Any CPU
		{25746E67-54B6-4280-AA72-63AE21D135EB}.Production|Any CPU.Build.0 = Production|Any CPU
		{25746E67-54B6-4280-AA72-63AE21D135EB}.Release|Any CPU.ActiveCfg = Release|Any CPU
		{25746E67-54B6-4280-AA72-63AE21D135EB}.Release|Any CPU.Build.0 = Release|Any CPU
		{25746E67-54B6-4280-AA72-63AE21D135EB}.Test|Any CPU.ActiveCfg = Test|Any CPU
		{25746E67-54B6-4280-AA72-63AE21D135EB}.Test|Any CPU.Build.0 = Test|Any CPU
		{25746E67-54B6-4280-AA72-63AE21D135EB}.UAT|Any CPU.ActiveCfg = UAT|Any CPU
		{25746E67-54B6-4280-AA72-63AE21D135EB}.UAT|Any CPU.Build.0 = UAT|Any CPU
		{07A4CF08-E0EF-4C55-AAA8-27604530323F}.Debug|Any CPU.ActiveCfg = Debug|Any CPU
		{07A4CF08-E0EF-4C55-AAA8-27604530323F}.Debug|Any CPU.Build.0 = Debug|Any CPU
		{07A4CF08-E0EF-4C55-AAA8-27604530323F}.Production|Any CPU.ActiveCfg = Production|Any CPU
		{07A4CF08-E0EF-4C55-AAA8-27604530323F}.Production|Any CPU.Build.0 = Production|Any CPU
		{07A4CF08-E0EF-4C55-AAA8-27604530323F}.Release|Any CPU.ActiveCfg = Release|Any CPU
		{07A4CF08-E0EF-4C55-AAA8-27604530323F}.Release|Any CPU.Build.0 = Release|Any CPU
		{07A4CF08-E0EF-4C55-AAA8-27604530323F}.Test|Any CPU.ActiveCfg = Test|Any CPU
		{07A4CF08-E0EF-4C55-AAA8-27604530323F}.Test|Any CPU.Build.0 = Test|Any CPU
		{07A4CF08-E0EF-4C55-AAA8-27604530323F}.UAT|Any CPU.ActiveCfg = UAT|Any CPU
		{07A4CF08-E0EF-4C55-AAA8-27604530323F}.UAT|Any CPU.Build.0 = UAT|Any CPU
		{B195342A-2B86-4849-862A-399EAC3F8EBD}.Debug|Any CPU.ActiveCfg = Debug|Any CPU
		{B195342A-2B86-4849-862A-399EAC3F8EBD}.Debug|Any CPU.Build.0 = Debug|Any CPU
		{B195342A-2B86-4849-862A-399EAC3F8EBD}.Production|Any CPU.ActiveCfg = Release|Any CPU
		{B195342A-2B86-4849-862A-399EAC3F8EBD}.Production|Any CPU.Build.0 = Release|Any CPU
		{B195342A-2B86-4849-862A-399EAC3F8EBD}.Release|Any CPU.ActiveCfg = Release|Any CPU
		{B195342A-2B86-4849-862A-399EAC3F8EBD}.Release|Any CPU.Build.0 = Release|Any CPU
		{B195342A-2B86-4849-862A-399EAC3F8EBD}.Test|Any CPU.ActiveCfg = Release|Any CPU
		{B195342A-2B86-4849-862A-399EAC3F8EBD}.Test|Any CPU.Build.0 = Release|Any CPU
		{B195342A-2B86-4849-862A-399EAC3F8EBD}.UAT|Any CPU.ActiveCfg = Release|Any CPU
		{B195342A-2B86-4849-862A-399EAC3F8EBD}.UAT|Any CPU.Build.0 = Release|Any CPU
		{95A1A09D-6733-4778-AC62-29910EE0F45E}.Debug|Any CPU.ActiveCfg = Debug|Any CPU
		{95A1A09D-6733-4778-AC62-29910EE0F45E}.Debug|Any CPU.Build.0 = Debug|Any CPU
		{95A1A09D-6733-4778-AC62-29910EE0F45E}.Production|Any CPU.ActiveCfg = Production|Any CPU
		{95A1A09D-6733-4778-AC62-29910EE0F45E}.Production|Any CPU.Build.0 = Production|Any CPU
		{95A1A09D-6733-4778-AC62-29910EE0F45E}.Release|Any CPU.ActiveCfg = Release|Any CPU
		{95A1A09D-6733-4778-AC62-29910EE0F45E}.Release|Any CPU.Build.0 = Release|Any CPU
		{95A1A09D-6733-4778-AC62-29910EE0F45E}.Test|Any CPU.ActiveCfg = Test|Any CPU
		{95A1A09D-6733-4778-AC62-29910EE0F45E}.Test|Any CPU.Build.0 = Test|Any CPU
		{95A1A09D-6733-4778-AC62-29910EE0F45E}.UAT|Any CPU.ActiveCfg = UAT|Any CPU
		{95A1A09D-6733-4778-AC62-29910EE0F45E}.UAT|Any CPU.Build.0 = UAT|Any CPU
		{C8A13EF9-C122-453C-B53C-70C0CE044BE0}.Debug|Any CPU.ActiveCfg = Debug|Any CPU
		{C8A13EF9-C122-453C-B53C-70C0CE044BE0}.Debug|Any CPU.Build.0 = Debug|Any CPU
		{C8A13EF9-C122-453C-B53C-70C0CE044BE0}.Production|Any CPU.ActiveCfg = Production|Any CPU
		{C8A13EF9-C122-453C-B53C-70C0CE044BE0}.Production|Any CPU.Build.0 = Production|Any CPU
		{C8A13EF9-C122-453C-B53C-70C0CE044BE0}.Release|Any CPU.ActiveCfg = Release|Any CPU
		{C8A13EF9-C122-453C-B53C-70C0CE044BE0}.Release|Any CPU.Build.0 = Release|Any CPU
		{C8A13EF9-C122-453C-B53C-70C0CE044BE0}.Test|Any CPU.ActiveCfg = Test|Any CPU
		{C8A13EF9-C122-453C-B53C-70C0CE044BE0}.Test|Any CPU.Build.0 = Test|Any CPU
		{C8A13EF9-C122-453C-B53C-70C0CE044BE0}.UAT|Any CPU.ActiveCfg = UAT|Any CPU
		{C8A13EF9-C122-453C-B53C-70C0CE044BE0}.UAT|Any CPU.Build.0 = UAT|Any CPU
		{61E81AC1-97AC-4B80-B24B-2B30E4F57BFB}.Debug|Any CPU.ActiveCfg = Debug|Any CPU
		{61E81AC1-97AC-4B80-B24B-2B30E4F57BFB}.Debug|Any CPU.Build.0 = Debug|Any CPU
		{61E81AC1-97AC-4B80-B24B-2B30E4F57BFB}.Production|Any CPU.ActiveCfg = Production|Any CPU
		{61E81AC1-97AC-4B80-B24B-2B30E4F57BFB}.Production|Any CPU.Build.0 = Production|Any CPU
		{61E81AC1-97AC-4B80-B24B-2B30E4F57BFB}.Release|Any CPU.ActiveCfg = Release|Any CPU
		{61E81AC1-97AC-4B80-B24B-2B30E4F57BFB}.Release|Any CPU.Build.0 = Release|Any CPU
		{61E81AC1-97AC-4B80-B24B-2B30E4F57BFB}.Test|Any CPU.ActiveCfg = Test|Any CPU
		{61E81AC1-97AC-4B80-B24B-2B30E4F57BFB}.Test|Any CPU.Build.0 = Test|Any CPU
		{61E81AC1-97AC-4B80-B24B-2B30E4F57BFB}.UAT|Any CPU.ActiveCfg = UAT|Any CPU
		{61E81AC1-97AC-4B80-B24B-2B30E4F57BFB}.UAT|Any CPU.Build.0 = UAT|Any CPU
		{1DB05843-99FF-49DB-96BC-187139676971}.Debug|Any CPU.ActiveCfg = Debug|Any CPU
		{1DB05843-99FF-49DB-96BC-187139676971}.Debug|Any CPU.Build.0 = Debug|Any CPU
		{1DB05843-99FF-49DB-96BC-187139676971}.Production|Any CPU.ActiveCfg = Production|Any CPU
		{1DB05843-99FF-49DB-96BC-187139676971}.Production|Any CPU.Build.0 = Production|Any CPU
		{1DB05843-99FF-49DB-96BC-187139676971}.Release|Any CPU.ActiveCfg = Release|Any CPU
		{1DB05843-99FF-49DB-96BC-187139676971}.Release|Any CPU.Build.0 = Release|Any CPU
		{1DB05843-99FF-49DB-96BC-187139676971}.Test|Any CPU.ActiveCfg = Test|Any CPU
		{1DB05843-99FF-49DB-96BC-187139676971}.Test|Any CPU.Build.0 = Test|Any CPU
		{1DB05843-99FF-49DB-96BC-187139676971}.UAT|Any CPU.ActiveCfg = UAT|Any CPU
		{1DB05843-99FF-49DB-96BC-187139676971}.UAT|Any CPU.Build.0 = UAT|Any CPU
		{61AB4F23-7F1D-4334-A7DF-CDE7C0B6B2E9}.Debug|Any CPU.ActiveCfg = Debug|Any CPU
		{61AB4F23-7F1D-4334-A7DF-CDE7C0B6B2E9}.Debug|Any CPU.Build.0 = Debug|Any CPU
		{61AB4F23-7F1D-4334-A7DF-CDE7C0B6B2E9}.Production|Any CPU.ActiveCfg = Production|Any CPU
		{61AB4F23-7F1D-4334-A7DF-CDE7C0B6B2E9}.Production|Any CPU.Build.0 = Production|Any CPU
		{61AB4F23-7F1D-4334-A7DF-CDE7C0B6B2E9}.Release|Any CPU.ActiveCfg = Release|Any CPU
		{61AB4F23-7F1D-4334-A7DF-CDE7C0B6B2E9}.Release|Any CPU.Build.0 = Release|Any CPU
		{61AB4F23-7F1D-4334-A7DF-CDE7C0B6B2E9}.Test|Any CPU.ActiveCfg = Test|Any CPU
		{61AB4F23-7F1D-4334-A7DF-CDE7C0B6B2E9}.Test|Any CPU.Build.0 = Test|Any CPU
		{61AB4F23-7F1D-4334-A7DF-CDE7C0B6B2E9}.UAT|Any CPU.ActiveCfg = UAT|Any CPU
		{61AB4F23-7F1D-4334-A7DF-CDE7C0B6B2E9}.UAT|Any CPU.Build.0 = UAT|Any CPU
		{0F2A37AA-8912-4755-8F76-17329C5258B7}.Debug|Any CPU.ActiveCfg = Debug|Any CPU
		{0F2A37AA-8912-4755-8F76-17329C5258B7}.Debug|Any CPU.Build.0 = Debug|Any CPU
		{0F2A37AA-8912-4755-8F76-17329C5258B7}.Production|Any CPU.ActiveCfg = Debug|Any CPU
		{0F2A37AA-8912-4755-8F76-17329C5258B7}.Production|Any CPU.Build.0 = Debug|Any CPU
		{0F2A37AA-8912-4755-8F76-17329C5258B7}.Release|Any CPU.ActiveCfg = Release|Any CPU
		{0F2A37AA-8912-4755-8F76-17329C5258B7}.Release|Any CPU.Build.0 = Release|Any CPU
		{0F2A37AA-8912-4755-8F76-17329C5258B7}.Test|Any CPU.ActiveCfg = Debug|Any CPU
		{0F2A37AA-8912-4755-8F76-17329C5258B7}.Test|Any CPU.Build.0 = Debug|Any CPU
		{0F2A37AA-8912-4755-8F76-17329C5258B7}.UAT|Any CPU.ActiveCfg = Debug|Any CPU
		{0F2A37AA-8912-4755-8F76-17329C5258B7}.UAT|Any CPU.Build.0 = Debug|Any CPU
	EndGlobalSection
	GlobalSection(SolutionProperties) = preSolution
		HideSolutionNode = FALSE
	EndGlobalSection
	GlobalSection(ExtensibilityGlobals) = postSolution
		SolutionGuid = {A74BE037-26C1-453E-8EFB-1BEA876A540D}
	EndGlobalSection
EndGlobal
